// !$*UTF8*$!
{
	archiveVersion = 1;
	classes = {
	};
	objectVersion = 48;
	objects = {

/* Begin PBXBuildFile section */
		F6B24EAC1F823EAD0070212E /* AppDelegate.swift in Sources */ = {isa = PBXBuildFile; fileRef = F6B24EAB1F823EAD0070212E /* AppDelegate.swift */; };
		F6B24EAE1F823EAD0070212E /* ViewController.swift in Sources */ = {isa = PBXBuildFile; fileRef = F6B24EAD1F823EAD0070212E /* ViewController.swift */; };
		F6B24EB11F823EAD0070212E /* Main.storyboard in Resources */ = {isa = PBXBuildFile; fileRef = F6B24EAF1F823EAD0070212E /* Main.storyboard */; };
		F6B24EB31F823EAD0070212E /* Assets.xcassets in Resources */ = {isa = PBXBuildFile; fileRef = F6B24EB21F823EAD0070212E /* Assets.xcassets */; };
		F6B24EB61F823EAD0070212E /* LaunchScreen.storyboard in Resources */ = {isa = PBXBuildFile; fileRef = F6B24EB41F823EAD0070212E /* LaunchScreen.storyboard */; };
		F6B24EC01F82443D0070212E /* Pokemon.swift in Sources */ = {isa = PBXBuildFile; fileRef = F6B24EBF1F82443D0070212E /* Pokemon.swift */; };
		F6B24EC31F838F910070212E /* PokeCell.swift in Sources */ = {isa = PBXBuildFile; fileRef = F6B24EC21F838F910070212E /* PokeCell.swift */; };
		F6B24EC51F83BC080070212E /* csv.swift in Sources */ = {isa = PBXBuildFile; fileRef = F6B24EC41F83BC080070212E /* csv.swift */; };
		F6B24EC91F83CA1B0070212E /* pokemon.csv in Resources */ = {isa = PBXBuildFile; fileRef = F6B24EC61F83C8810070212E /* pokemon.csv */; };
/* End PBXBuildFile section */

/* Begin PBXFileReference section */
		F6B24EA81F823EAC0070212E /* Pokedex3.app */ = {isa = PBXFileReference; explicitFileType = wrapper.application; includeInIndex = 0; path = Pokedex3.app; sourceTree = BUILT_PRODUCTS_DIR; };
		F6B24EAB1F823EAD0070212E /* AppDelegate.swift */ = {isa = PBXFileReference; lastKnownFileType = sourcecode.swift; path = AppDelegate.swift; sourceTree = "<group>"; };
		F6B24EAD1F823EAD0070212E /* ViewController.swift */ = {isa = PBXFileReference; lastKnownFileType = sourcecode.swift; path = ViewController.swift; sourceTree = "<group>"; };
		F6B24EB01F823EAD0070212E /* Base */ = {isa = PBXFileReference; lastKnownFileType = file.storyboard; name = Base; path = Base.lproj/Main.storyboard; sourceTree = "<group>"; };
		F6B24EB21F823EAD0070212E /* Assets.xcassets */ = {isa = PBXFileReference; lastKnownFileType = folder.assetcatalog; path = Assets.xcassets; sourceTree = "<group>"; };
		F6B24EB51F823EAD0070212E /* Base */ = {isa = PBXFileReference; lastKnownFileType = file.storyboard; name = Base; path = Base.lproj/LaunchScreen.storyboard; sourceTree = "<group>"; };
		F6B24EB71F823EAD0070212E /* Info.plist */ = {isa = PBXFileReference; lastKnownFileType = text.plist.xml; path = Info.plist; sourceTree = "<group>"; };
		F6B24EBF1F82443D0070212E /* Pokemon.swift */ = {isa = PBXFileReference; lastKnownFileType = sourcecode.swift; path = Pokemon.swift; sourceTree = "<group>"; };
		F6B24EC21F838F910070212E /* PokeCell.swift */ = {isa = PBXFileReference; lastKnownFileType = sourcecode.swift; path = PokeCell.swift; sourceTree = "<group>"; };
		F6B24EC41F83BC080070212E /* csv.swift */ = {isa = PBXFileReference; lastKnownFileType = sourcecode.swift; path = csv.swift; sourceTree = "<group>"; };
		F6B24EC61F83C8810070212E /* pokemon.csv */ = {isa = PBXFileReference; lastKnownFileType = text; path = pokemon.csv; sourceTree = "<group>"; };
/* End PBXFileReference section */

/* Begin PBXFrameworksBuildPhase section */
		F6B24EA51F823EAB0070212E /* Frameworks */ = {
			isa = PBXFrameworksBuildPhase;
			buildActionMask = 2147483647;
			files = (
			);
			runOnlyForDeploymentPostprocessing = 0;
		};
/* End PBXFrameworksBuildPhase section */

/* Begin PBXGroup section */
		F6B24E9F1F823EAB0070212E = {
			isa = PBXGroup;
			children = (
				F6B24EAA1F823EAC0070212E /* Pokedex3 */,
				F6B24EA91F823EAC0070212E /* Products */,
			);
			sourceTree = "<group>";
		};
		F6B24EA91F823EAC0070212E /* Products */ = {
			isa = PBXGroup;
			children = (
				F6B24EA81F823EAC0070212E /* Pokedex3.app */,
			);
			name = Products;
			sourceTree = "<group>";
		};
		F6B24EAA1F823EAC0070212E /* Pokedex3 */ = {
			isa = PBXGroup;
			children = (
				F6B24EC11F838F500070212E /* View */,
				F6B24EBE1F8244280070212E /* Model */,
				F6B24EAB1F823EAD0070212E /* AppDelegate.swift */,
				F6B24EAD1F823EAD0070212E /* ViewController.swift */,
				F6B24EAF1F823EAD0070212E /* Main.storyboard */,
				F6B24EC71F83C9A70070212E /* Resources */,
				F6B24EB21F823EAD0070212E /* Assets.xcassets */,
				F6B24EB41F823EAD0070212E /* LaunchScreen.storyboard */,
				F6B24EB71F823EAD0070212E /* Info.plist */,
				F6B24EC41F83BC080070212E /* csv.swift */,
			);
			path = Pokedex3;
			sourceTree = "<group>";
		};
		F6B24EBE1F8244280070212E /* Model */ = {
			isa = PBXGroup;
			children = (
				F6B24EBF1F82443D0070212E /* Pokemon.swift */,
			);
			path = Model;
			sourceTree = "<group>";
		};
		F6B24EC11F838F500070212E /* View */ = {
			isa = PBXGroup;
			children = (
				F6B24EC21F838F910070212E /* PokeCell.swift */,
			);
			path = View;
			sourceTree = "<group>";
		};
		F6B24EC71F83C9A70070212E /* Resources */ = {
			isa = PBXGroup;
			children = (
				F6B24EC61F83C8810070212E /* pokemon.csv */,
			);
			path = Resources;
			sourceTree = "<group>";
		};
/* End PBXGroup section */

/* Begin PBXNativeTarget section */
		F6B24EA71F823EAB0070212E /* Pokedex3 */ = {
			isa = PBXNativeTarget;
			buildConfigurationList = F6B24EBA1F823EAD0070212E /* Build configuration list for PBXNativeTarget "Pokedex3" */;
			buildPhases = (
				F6B24EA41F823EAB0070212E /* Sources */,
				F6B24EA51F823EAB0070212E /* Frameworks */,
				F6B24EA61F823EAB0070212E /* Resources */,
			);
			buildRules = (
			);
			dependencies = (
			);
			name = Pokedex3;
			productName = Pokedex3;
			productReference = F6B24EA81F823EAC0070212E /* Pokedex3.app */;
			productType = "com.apple.product-type.application";
		};
/* End PBXNativeTarget section */

/* Begin PBXProject section */
		F6B24EA01F823EAB0070212E /* Project object */ = {
			isa = PBXProject;
			attributes = {
				LastSwiftUpdateCheck = 0900;
				LastUpgradeCheck = 0900;
				ORGANIZATIONNAME = DewDrops;
				TargetAttributes = {
					F6B24EA71F823EAB0070212E = {
						CreatedOnToolsVersion = 9.0;
						ProvisioningStyle = Automatic;
					};
				};
			};
			buildConfigurationList = F6B24EA31F823EAB0070212E /* Build configuration list for PBXProject "Pokedex3" */;
			compatibilityVersion = "Xcode 8.0";
			developmentRegion = en;
			hasScannedForEncodings = 0;
			knownRegions = (
				en,
				Base,
			);
			mainGroup = F6B24E9F1F823EAB0070212E;
			productRefGroup = F6B24EA91F823EAC0070212E /* Products */;
			projectDirPath = "";
			projectRoot = "";
			targets = (
				F6B24EA71F823EAB0070212E /* Pokedex3 */,
			);
		};
/* End PBXProject section */

/* Begin PBXResourcesBuildPhase section */
		F6B24EA61F823EAB0070212E /* Resources */ = {
			isa = PBXResourcesBuildPhase;
			buildActionMask = 2147483647;
			files = (
				F6B24EC91F83CA1B0070212E /* pokemon.csv in Resources */,
				F6B24EB61F823EAD0070212E /* LaunchScreen.storyboard in Resources */,
				F6B24EB31F823EAD0070212E /* Assets.xcassets in Resources */,
				F6B24EB11F823EAD0070212E /* Main.storyboard in Resources */,
			);
			runOnlyForDeploymentPostprocessing = 0;
		};
/* End PBXResourcesBuildPhase section */

/* Begin PBXSourcesBuildPhase section */
		F6B24EA41F823EAB0070212E /* Sources */ = {
			isa = PBXSourcesBuildPhase;
			buildActionMask = 2147483647;
			files = (
				F6B24EAE1F823EAD0070212E /* ViewController.swift in Sources */,
				F6B24EAC1F823EAD0070212E /* AppDelegate.swift in Sources */,
				F6B24EC31F838F910070212E /* PokeCell.swift in Sources */,
				F6B24EC01F82443D0070212E /* Pokemon.swift in Sources */,
				F6B24EC51F83BC080070212E /* csv.swift in Sources */,
			);
			runOnlyForDeploymentPostprocessing = 0;
		};
/* End PBXSourcesBuildPhase section */

/* Begin PBXVariantGroup section */
		F6B24EAF1F823EAD0070212E /* Main.storyboard */ = {
			isa = PBXVariantGroup;
			children = (
				F6B24EB01F823EAD0070212E /* Base */,
			);
			name = Main.storyboard;
			sourceTree = "<group>";
		};
		F6B24EB41F823EAD0070212E /* LaunchScreen.storyboard */ = {
			isa = PBXVariantGroup;
			children = (
				F6B24EB51F823EAD0070212E /* Base */,
			);
			name = LaunchScreen.storyboard;
			sourceTree = "<group>";
		};
/* End PBXVariantGroup section */

/* Begin XCBuildConfiguration section */
		F6B24EB81F823EAD0070212E /* Debug */ = {
			isa = XCBuildConfiguration;
			buildSettings = {
				ALWAYS_SEARCH_USER_PATHS = NO;
				CLANG_ANALYZER_NONNULL = YES;
				CLANG_ANALYZER_NUMBER_OBJECT_CONVERSION = YES_AGGRESSIVE;
				CLANG_CXX_LANGUAGE_STANDARD = "gnu++14";
				CLANG_CXX_LIBRARY = "libc++";
				CLANG_ENABLE_MODULES = YES;
				CLANG_ENABLE_OBJC_ARC = YES;
				CLANG_WARN_BLOCK_CAPTURE_AUTORELEASING = YES;
				CLANG_WARN_BOOL_CONVERSION = YES;
				CLANG_WARN_COMMA = YES;
				CLANG_WARN_CONSTANT_CONVERSION = YES;
				CLANG_WARN_DIRECT_OBJC_ISA_USAGE = YES_ERROR;
				CLANG_WARN_DOCUMENTATION_COMMENTS = YES;
				CLANG_WARN_EMPTY_BODY = YES;
				CLANG_WARN_ENUM_CONVERSION = YES;
				CLANG_WARN_INFINITE_RECURSION = YES;
				CLANG_WARN_INT_CONVERSION = YES;
				CLANG_WARN_NON_LITERAL_NULL_CONVERSION = YES;
				CLANG_WARN_OBJC_LITERAL_CONVERSION = YES;
				CLANG_WARN_OBJC_ROOT_CLASS = YES_ERROR;
				CLANG_WARN_RANGE_LOOP_ANALYSIS = YES;
				CLANG_WARN_STRICT_PROTOTYPES = YES;
				CLANG_WARN_SUSPICIOUS_MOVE = YES;
				CLANG_WARN_UNGUARDED_AVAILABILITY = YES_AGGRESSIVE;
				CLANG_WARN_UNREACHABLE_CODE = YES;
				CLANG_WARN__DUPLICATE_METHOD_MATCH = YES;
				CODE_SIGN_IDENTITY = "iPhone Developer";
				COPY_PHASE_STRIP = NO;
				DEBUG_INFORMATION_FORMAT = dwarf;
				ENABLE_STRICT_OBJC_MSGSEND = YES;
				ENABLE_TESTABILITY = YES;
				GCC_C_LANGUAGE_STANDARD = gnu11;
				GCC_DYNAMIC_NO_PIC = NO;
				GCC_NO_COMMON_BLOCKS = YES;
				GCC_OPTIMIZATION_LEVEL = 0;
				GCC_PREPROCESSOR_DEFINITIONS = (
					"DEBUG=1",
					"$(inherited)",
				);
				GCC_WARN_64_TO_32_BIT_CONVERSION = YES;
				GCC_WARN_ABOUT_RETURN_TYPE = YES_ERROR;
				GCC_WARN_UNDECLARED_SELECTOR = YES;
				GCC_WARN_UNINITIALIZED_AUTOS = YES_AGGRESSIVE;
				GCC_WARN_UNUSED_FUNCTION = YES;
				GCC_WARN_UNUSED_VARIABLE = YES;
				IPHONEOS_DEPLOYMENT_TARGET = 11.0;
				MTL_ENABLE_DEBUG_INFO = YES;
				ONLY_ACTIVE_ARCH = YES;
				SDKROOT = iphoneos;
				SWIFT_ACTIVE_COMPILATION_CONDITIONS = DEBUG;
				SWIFT_OPTIMIZATION_LEVEL = "-Onone";
			};
			name = Debug;
		};
		F6B24EB91F823EAD0070212E /* Release */ = {
			isa = XCBuildConfiguration;
			buildSettings = {
				ALWAYS_SEARCH_USER_PATHS = NO;
				CLANG_ANALYZER_NONNULL = YES;
				CLANG_ANALYZER_NUMBER_OBJECT_CONVERSION = YES_AGGRESSIVE;
				CLANG_CXX_LANGUAGE_STANDARD = "gnu++14";
				CLANG_CXX_LIBRARY = "libc++";
				CLANG_ENABLE_MODULES = YES;
				CLANG_ENABLE_OBJC_ARC = YES;
				CLANG_WARN_BLOCK_CAPTURE_AUTORELEASING = YES;
				CLANG_WARN_BOOL_CONVERSION = YES;
				CLANG_WARN_COMMA = YES;
				CLANG_WARN_CONSTANT_CONVERSION = YES;
				CLANG_WARN_DIRECT_OBJC_ISA_USAGE = YES_ERROR;
				CLANG_WARN_DOCUMENTATION_COMMENTS = YES;
				CLANG_WARN_EMPTY_BODY = YES;
				CLANG_WARN_ENUM_CONVERSION = YES;
				CLANG_WARN_INFINITE_RECURSION = YES;
				CLANG_WARN_INT_CONVERSION = YES;
				CLANG_WARN_NON_LITERAL_NULL_CONVERSION = YES;
				CLANG_WARN_OBJC_LITERAL_CONVERSION = YES;
				CLANG_WARN_OBJC_ROOT_CLASS = YES_ERROR;
				CLANG_WARN_RANGE_LOOP_ANALYSIS = YES;
				CLANG_WARN_STRICT_PROTOTYPES = YES;
				CLANG_WARN_SUSPICIOUS_MOVE = YES;
				CLANG_WARN_UNGUARDED_AVAILABILITY = YES_AGGRESSIVE;
				CLANG_WARN_UNREACHABLE_CODE = YES;
				CLANG_WARN__DUPLICATE_METHOD_MATCH = YES;
				CODE_SIGN_IDENTITY = "iPhone Developer";
				COPY_PHASE_STRIP = NO;
				DEBUG_INFORMATION_FORMAT = "dwarf-with-dsym";
				ENABLE_NS_ASSERTIONS = NO;
				ENABLE_STRICT_OBJC_MSGSEND = YES;
				GCC_C_LANGUAGE_STANDARD = gnu11;
				GCC_NO_COMMON_BLOCKS = YES;
				GCC_WARN_64_TO_32_BIT_CONVERSION = YES;
				GCC_WARN_ABOUT_RETURN_TYPE = YES_ERROR;
				GCC_WARN_UNDECLARED_SELECTOR = YES;
				GCC_WARN_UNINITIALIZED_AUTOS = YES_AGGRESSIVE;
				GCC_WARN_UNUSED_FUNCTION = YES;
				GCC_WARN_UNUSED_VARIABLE = YES;
				IPHONEOS_DEPLOYMENT_TARGET = 11.0;
				MTL_ENABLE_DEBUG_INFO = NO;
				SDKROOT = iphoneos;
				SWIFT_OPTIMIZATION_LEVEL = "-Owholemodule";
				VALIDATE_PRODUCT = YES;
			};
			name = Release;
		};
		F6B24EBB1F823EAD0070212E /* Debug */ = {
			isa = XCBuildConfiguration;
			buildSettings = {
				ASSETCATALOG_COMPILER_APPICON_NAME = AppIcon;
				CODE_SIGN_STYLE = Automatic;
				DEVELOPMENT_TEAM = 8S9A67SJKZ;
				INFOPLIST_FILE = Pokedex3/Info.plist;
				LD_RUNPATH_SEARCH_PATHS = "$(inherited) @executable_path/Frameworks";
				PRODUCT_BUNDLE_IDENTIFIER = com.dewdropsgames.Pokedex3;
				PRODUCT_NAME = "$(TARGET_NAME)";
				SWIFT_VERSION = 4.0;
				TARGETED_DEVICE_FAMILY = "1,2";
			};
			name = Debug;
		};
		F6B24EBC1F823EAD0070212E /* Release */ = {
			isa = XCBuildConfiguration;
			buildSettings = {
				ASSETCATALOG_COMPILER_APPICON_NAME = AppIcon;
				CODE_SIGN_STYLE = Automatic;
				DEVELOPMENT_TEAM = 8S9A67SJKZ;
				INFOPLIST_FILE = Pokedex3/Info.plist;
				LD_RUNPATH_SEARCH_PATHS = "$(inherited) @executable_path/Frameworks";
				PRODUCT_BUNDLE_IDENTIFIER = com.dewdropsgames.Pokedex3;
				PRODUCT_NAME = "$(TARGET_NAME)";
				SWIFT_VERSION = 4.0;
				TARGETED_DEVICE_FAMILY = "1,2";
			};
			name = Release;
		};
/* End XCBuildConfiguration section */

/* Begin XCConfigurationList section */
		F6B24EA31F823EAB0070212E /* Build configuration list for PBXProject "Pokedex3" */ = {
			isa = XCConfigurationList;
			buildConfigurations = (
				F6B24EB81F823EAD0070212E /* Debug */,
				F6B24EB91F823EAD0070212E /* Release */,
			);
			defaultConfigurationIsVisible = 0;
			defaultConfigurationName = Release;
		};
		F6B24EBA1F823EAD0070212E /* Build configuration list for PBXNativeTarget "Pokedex3" */ = {
			isa = XCConfigurationList;
			buildConfigurations = (
				F6B24EBB1F823EAD0070212E /* Debug */,
				F6B24EBC1F823EAD0070212E /* Release */,
			);
			defaultConfigurationIsVisible = 0;
			defaultConfigurationName = Release;
		};
/* End XCConfigurationList section */
	};
	rootObject = F6B24EA01F823EAB0070212E /* Project object */;
}
